
Microsoft Visual Studio Solution File, Format Version 12.00
# Visual Studio 15
VisualStudioVersion = 15.0.28010.2003
MinimumVisualStudioVersion = 10.0.40219.1
Project("{FAE04EC0-301F-11D3-BF4B-00C04F79EFBC}") = "ShapeExtractor", "ShapeExtractor\ShapeExtractor.csproj", "{9A25C855-2A21-4DDC-BE9C-9F43B6C6A620}"
EndProject
Project("{FAE04EC0-301F-11D3-BF4B-00C04F79EFBC}") = "Shared_4_5", "..\..\..\Documents\Visual Studio 2017\Libraries\Shared\Shared\Shared_4_5.csproj", "{32433F66-95F3-423F-969B-F81EEABBAEE9}"
EndProject
Project("{FAE04EC0-301F-11D3-BF4B-00C04F79EFBC}") = "TestShapeExtractor", "TestShapeExtractor\TestShapeExtractor.csproj", "{FD29A90A-39E7-4DC7-968E-879F9F4E972D}"
EndProject
Global
	GlobalSection(SolutionConfigurationPlatforms) = preSolution
		Debug|Any CPU = Debug|Any CPU
		Release|Any CPU = Release|Any CPU
	EndGlobalSection
	GlobalSection(ProjectConfigurationPlatforms) = postSolution
		{9A25C855-2A21-4DDC-BE9C-9F43B6C6A620}.Debug|Any CPU.ActiveCfg = Debug|Any CPU
		{9A25C855-2A21-4DDC-BE9C-9F43B6C6A620}.Debug|Any CPU.Build.0 = Debug|Any CPU
		{9A25C855-2A21-4DDC-BE9C-9F43B6C6A620}.Release|Any CPU.ActiveCfg = Release|Any CPU
		{9A25C855-2A21-4DDC-BE9C-9F43B6C6A620}.Release|Any CPU.Build.0 = Release|Any CPU
		{32433F66-95F3-423F-969B-F81EEABBAEE9}.Debug|Any CPU.ActiveCfg = Debug|Any CPU
		{32433F66-95F3-423F-969B-F81EEABBAEE9}.Debug|Any CPU.Build.0 = Debug|Any CPU
		{32433F66-95F3-423F-969B-F81EEABBAEE9}.Release|Any CPU.ActiveCfg = Release|Any CPU
		{32433F66-95F3-423F-969B-F81EEABBAEE9}.Release|Any CPU.Build.0 = Release|Any CPU
		{FD29A90A-39E7-4DC7-968E-879F9F4E972D}.Debug|Any CPU.ActiveCfg = Debug|Any CPU
		{FD29A90A-39E7-4DC7-968E-879F9F4E972D}.Debug|Any CPU.Build.0 = Debug|Any CPU
		{FD29A90A-39E7-4DC7-968E-879F9F4E972D}.Release|Any CPU.ActiveCfg = Release|Any CPU
		{FD29A90A-39E7-4DC7-968E-879F9F4E972D}.Release|Any CPU.Build.0 = Release|Any CPU
	EndGlobalSection
	GlobalSection(SolutionProperties) = preSolution
		HideSolutionNode = FALSE
	EndGlobalSection
	GlobalSection(ExtensibilityGlobals) = postSolution
		SolutionGuid = {652FE318-A36D-4EEC-9A9C-984581C00089}
	EndGlobalSection
EndGlobal
